
Microsoft Visual Studio Solution File, Format Version 12.00
Project("{FAE04EC0-301F-11D3-BF4B-00C04F79EFBC}") = "MobilOfis.Web", "MobilOfis.Web\MobilOfis.Web.csproj", "{C53F0C4B-A793-4B1A-BB6A-04355CE0D7DB}"
EndProject
Project("{FAE04EC0-301F-11D3-BF4B-00C04F79EFBC}") = "MobilOfis.Data", "MobilOfis.Data\MobilOfis.Data.csproj", "{F8455CB6-4CB7-4EA2-8688-2F193DB029FE}"
EndProject
Project("{FAE04EC0-301F-11D3-BF4B-00C04F79EFBC}") = "MobilOfis.Service", "MobilOfis.Service\MobilOfis.Service.csproj", "{28AC26C7-1AC6-4425-825D-A9CE35AB1630}"
EndProject
Project("{FAE04EC0-301F-11D3-BF4B-00C04F79EFBC}") = "MobilOfis.Core", "MobilOfis.Core\MobilOfis.Core.csproj", "{600AE407-5F14-4E87-8FB2-1006C1A55551}"
EndProject
Project("{FAE04EC0-301F-11D3-BF4B-00C04F79EFBC}") = "MobilOfis.Entity", "MobilOfis.Entity\MobilOfis.Entity.csproj", "{36B67211-2458-4F0E-8629-994886BA0F32}"
EndProject
Global
	GlobalSection(SolutionConfigurationPlatforms) = preSolution
		Debug|Any CPU = Debug|Any CPU
		Release|Any CPU = Release|Any CPU
	EndGlobalSection
	GlobalSection(ProjectConfigurationPlatforms) = postSolution
		{C53F0C4B-A793-4B1A-BB6A-04355CE0D7DB}.Debug|Any CPU.ActiveCfg = Debug|Any CPU
		{C53F0C4B-A793-4B1A-BB6A-04355CE0D7DB}.Debug|Any CPU.Build.0 = Debug|Any CPU
		{C53F0C4B-A793-4B1A-BB6A-04355CE0D7DB}.Release|Any CPU.ActiveCfg = Release|Any CPU
		{C53F0C4B-A793-4B1A-BB6A-04355CE0D7DB}.Release|Any CPU.Build.0 = Release|Any CPU
		{F8455CB6-4CB7-4EA2-8688-2F193DB029FE}.Debug|Any CPU.ActiveCfg = Debug|Any CPU
		{F8455CB6-4CB7-4EA2-8688-2F193DB029FE}.Debug|Any CPU.Build.0 = Debug|Any CPU
		{F8455CB6-4CB7-4EA2-8688-2F193DB029FE}.Release|Any CPU.ActiveCfg = Release|Any CPU
		{F8455CB6-4CB7-4EA2-8688-2F193DB029FE}.Release|Any CPU.Build.0 = Release|Any CPU
		{28AC26C7-1AC6-4425-825D-A9CE35AB1630}.Debug|Any CPU.ActiveCfg = Debug|Any CPU
		{28AC26C7-1AC6-4425-825D-A9CE35AB1630}.Debug|Any CPU.Build.0 = Debug|Any CPU
		{28AC26C7-1AC6-4425-825D-A9CE35AB1630}.Release|Any CPU.ActiveCfg = Release|Any CPU
		{28AC26C7-1AC6-4425-825D-A9CE35AB1630}.Release|Any CPU.Build.0 = Release|Any CPU
		{600AE407-5F14-4E87-8FB2-1006C1A55551}.Debug|Any CPU.ActiveCfg = Debug|Any CPU
		{600AE407-5F14-4E87-8FB2-1006C1A55551}.Debug|Any CPU.Build.0 = Debug|Any CPU
		{600AE407-5F14-4E87-8FB2-1006C1A55551}.Release|Any CPU.ActiveCfg = Release|Any CPU
		{600AE407-5F14-4E87-8FB2-1006C1A55551}.Release|Any CPU.Build.0 = Release|Any CPU
		{36B67211-2458-4F0E-8629-994886BA0F32}.Debug|Any CPU.ActiveCfg = Debug|Any CPU
		{36B67211-2458-4F0E-8629-994886BA0F32}.Debug|Any CPU.Build.0 = Debug|Any CPU
		{36B67211-2458-4F0E-8629-994886BA0F32}.Release|Any CPU.ActiveCfg = Release|Any CPU
		{36B67211-2458-4F0E-8629-994886BA0F32}.Release|Any CPU.Build.0 = Release|Any CPU
	EndGlobalSection
EndGlobal
